// !$*UTF8*$!
{ archiveVersion = 1; classes = {}; objectVersion = 56; objects = {
000000000000000000000824 = {isa = PBXFileReference; path = "../Packages/ByteKibbleCore/Sources/ByteKibbleCore/SyncLibrary.swift"; sourceTree = SOURCE_ROOT; lastKnownFileType = sourcecode.swift; };
000000000000000000000825 = {isa = PBXBuildFile; fileRef = 000000000000000000000824; };
000000000000000000000826 = {isa = PBXFileReference; path = "../Packages/ByteKibbleCore/Sources/ByteKibbleCore/ManualTransferCodec.swift"; sourceTree = SOURCE_ROOT; lastKnownFileType = sourcecode.swift; };
000000000000000000000827 = {isa = PBXBuildFile; fileRef = 000000000000000000000826; };
000000000000000000000828 = {isa = PBXFileReference; path = "ByteKibble/SyncViews.swift"; sourceTree = SOURCE_ROOT; lastKnownFileType = sourcecode.swift; };
000000000000000000000829 = {isa = PBXBuildFile; fileRef = 000000000000000000000828; };
000000000000000000000820 = {isa = PBXFileReference; path = "../Resources/ByteKibble.icon"; sourceTree = SOURCE_ROOT; lastKnownFileType = folder.icon; };
000000000000000000000821 = {isa = PBXBuildFile; fileRef = 000000000000000000000820; };
000000000000000000000810 = {isa = PBXFileReference; path = "../Packages/ByteKibbleCore/Sources/ByteKibbleCore/SyncRecord.swift"; sourceTree = SOURCE_ROOT; lastKnownFileType = sourcecode.swift; };
000000000000000000000811 = {isa = PBXFileReference; path = "../Packages/ByteKibbleCore/Sources/ByteKibbleCore/SyncCredentialVault.swift"; sourceTree = SOURCE_ROOT; lastKnownFileType = sourcecode.swift; };
000000000000000000000812 = {isa = PBXFileReference; path = "../Packages/ByteKibbleCore/Sources/ByteKibbleCore/SyncOutbox.swift"; sourceTree = SOURCE_ROOT; lastKnownFileType = sourcecode.swift; };
000000000000000000000813 = {isa = PBXFileReference; path = "../Packages/ByteKibbleCore/Sources/ByteKibbleCore/CloudSyncTransport.swift"; sourceTree = SOURCE_ROOT; lastKnownFileType = sourcecode.swift; };
000000000000000000000822 = {isa = PBXFileReference; path = "../Packages/ByteKibbleCore/Sources/ByteKibbleCore/SyncInbox.swift"; sourceTree = SOURCE_ROOT; lastKnownFileType = sourcecode.swift; };
000000000000000000000823 = {isa = PBXBuildFile; fileRef = 000000000000000000000822; };
000000000000000000000814 = {isa = PBXBuildFile; fileRef = 000000000000000000000810; };
000000000000000000000815 = {isa = PBXBuildFile; fileRef = 000000000000000000000811; };
000000000000000000000816 = {isa = PBXBuildFile; fileRef = 000000000000000000000812; };
000000000000000000000817 = {isa = PBXBuildFile; fileRef = 000000000000000000000813; };
000000000000000000000800 = {isa = PBXFileReference; path = ByteKibble/en.lproj; sourceTree = SOURCE_ROOT; lastKnownFileType = folder; };
000000000000000000000801 = {isa = PBXFileReference; path = ByteKibble/zh-Hans.lproj; sourceTree = SOURCE_ROOT; lastKnownFileType = folder; };
000000000000000000000802 = {isa = PBXFileReference; path = ByteKibbleWidget/en.lproj; sourceTree = SOURCE_ROOT; lastKnownFileType = folder; };
000000000000000000000803 = {isa = PBXBuildFile; fileRef = 000000000000000000000800; };
000000000000000000000804 = {isa = PBXBuildFile; fileRef = 000000000000000000000801; };
000000000000000000000805 = {isa = PBXBuildFile; fileRef = 000000000000000000000802; };
000000000000000000000806 = {isa = PBXResourcesBuildPhase; buildActionMask = 2147483647; files = (000000000000000000000805,000000000000000000000808); runOnlyForDeploymentPostprocessing = 0; };
000000000000000000000807 = {isa = PBXFileReference; path = ByteKibbleWidget/zh-Hans.lproj; sourceTree = SOURCE_ROOT; lastKnownFileType = folder; };
000000000000000000000808 = {isa = PBXBuildFile; fileRef = 000000000000000000000807; };
000000000000000000000064 = {isa = PBXFileReference; path = "ByteKibble/ByteKibbleApp.swift"; sourceTree = SOURCE_ROOT; lastKnownFileType = sourcecode.swift; };
0000000000000000000000C8 = {isa = PBXBuildFile; fileRef = 000000000000000000000064; };
000000000000000000000065 = {isa = PBXFileReference; path = "ByteKibble/Views.swift"; sourceTree = SOURCE_ROOT; lastKnownFileType = sourcecode.swift; };
0000000000000000000000C9 = {isa = PBXBuildFile; fileRef = 000000000000000000000065; };
000000000000000000000066 = {isa = PBXFileReference; path = "ByteKibble/SubscriptionStore.swift"; sourceTree = SOURCE_ROOT; lastKnownFileType = sourcecode.swift; };
0000000000000000000000CA = {isa = PBXBuildFile; fileRef = 000000000000000000000066; };
000000000000000000000067 = {isa = PBXFileReference; path = "ByteKibble/QuotaClient.swift"; sourceTree = SOURCE_ROOT; lastKnownFileType = sourcecode.swift; };
0000000000000000000000CB = {isa = PBXBuildFile; fileRef = 000000000000000000000067; };
000000000000000000000068 = {isa = PBXFileReference; path = "../Packages/ByteKibbleCore/Sources/ByteKibbleCore/Quota.swift"; sourceTree = SOURCE_ROOT; lastKnownFileType = sourcecode.swift; };
0000000000000000000000CC = {isa = PBXBuildFile; fileRef = 000000000000000000000068; };
000000000000000000000069 = {isa = PBXFileReference; path = "../Sources/ByteKibble/Resources/QuotaBag.png"; sourceTree = SOURCE_ROOT; lastKnownFileType = image.png; };
0000000000000000000000CD = {isa = PBXBuildFile; fileRef = 000000000000000000000069; };
00000000000000000000006A = {isa = PBXFileReference; path = "ByteKibble/Assets.xcassets"; sourceTree = SOURCE_ROOT; lastKnownFileType = folder.assetcatalog; };
0000000000000000000000CE = {isa = PBXBuildFile; fileRef = 00000000000000000000006A; };
000000000000000000000001 = {isa = PBXProject; buildConfigurationList = 00000000000000000000000A; compatibilityVersion = "Xcode 14.0"; developmentRegion = "zh-Hans"; knownRegions = ("zh-Hans", en, Base); mainGroup = 000000000000000000000002; productRefGroup = 000000000000000000000003; projectDirPath = ""; targets = (000000000000000000000900,000000000000000000000700,000000000000000000000004,000000000000000000000300,000000000000000000000400); };
000000000000000000000002 = {isa = PBXGroup; children = (000000000000000000000710,000000000000000000000711,000000000000000000000712,000000000000000000000064,000000000000000000000065,000000000000000000000066,000000000000000000000067,000000000000000000000068,000000000000000000000069,00000000000000000000006A,000000000000000000000302,000000000000000000000402,000000000000000000000003); sourceTree = "<group>"; };
000000000000000000000003 = {isa = PBXGroup; name = Products; children = (000000000000000000000701,000000000000000000000005,000000000000000000000301,000000000000000000000401); sourceTree = "<group>"; };
000000000000000000000005 = {isa = PBXFileReference; path = ByteKibble.app; explicitFileType = wrapper.application; sourceTree = BUILT_PRODUCTS_DIR; };
000000000000000000000004 = {isa = PBXNativeTarget; name = ByteKibble; productName = ByteKibble; productReference = 000000000000000000000005; productType = "com.apple.product-type.application"; buildConfigurationList = 00000000000000000000000B; buildPhases = (000000000000000000000006,000000000000000000000007,000000000000000000000008,000000000000000000000720); buildRules = (); dependencies = (000000000000000000000722,000000000000000000000912); };
000000000000000000000006 = {isa = PBXSourcesBuildPhase; buildActionMask = 2147483647; files = (000000000000000000000914,000000000000000000000825,000000000000000000000827,000000000000000000000829,000000000000000000000823,000000000000000000000814,000000000000000000000815,000000000000000000000816,000000000000000000000817,000000000000000000000713,000000000000000000000714,0000000000000000000000C8,0000000000000000000000C9,0000000000000000000000CA,0000000000000000000000CB,0000000000000000000000CC); runOnlyForDeploymentPostprocessing = 0; };
000000000000000000000007 = {isa = PBXResourcesBuildPhase; buildActionMask = 2147483647; files = (000000000000000000000821,000000000000000000000803,000000000000000000000804,000000000000000000000601,0000000000000000000000CD,0000000000000000000000CE); runOnlyForDeploymentPostprocessing = 0; };
000000000000000000000008 = {isa = PBXFrameworksBuildPhase; buildActionMask = 2147483647; files = (); runOnlyForDeploymentPostprocessing = 0; };
00000000000000000000000A = {isa = XCConfigurationList; buildConfigurations = (00000000000000000000000C,00000000000000000000000D); defaultConfigurationIsVisible = 0; defaultConfigurationName = Release; };
00000000000000000000000B = {isa = XCConfigurationList; buildConfigurations = (00000000000000000000000E,00000000000000000000000F); defaultConfigurationIsVisible = 0; defaultConfigurationName = Release; };
00000000000000000000000C = {isa = XCBuildConfiguration; name = Debug; buildSettings = {ENABLE_TESTABILITY = YES; SDKROOT = iphoneos; IPHONEOS_DEPLOYMENT_TARGET = 26.0; SWIFT_VERSION = 5.0; CLANG_ENABLE_MODULES = YES; }; };
00000000000000000000000D = {isa = XCBuildConfiguration; name = Release; buildSettings = {SDKROOT = iphoneos; IPHONEOS_DEPLOYMENT_TARGET = 26.0; SWIFT_VERSION = 5.0; CLANG_ENABLE_MODULES = YES; }; };
00000000000000000000000E = {isa = XCBuildConfiguration; name = Debug; buildSettings = {ENABLE_TESTABILITY = YES; CODE_SIGN_ENTITLEMENTS = "ByteKibble/ByteKibble$(QA_ENTITLEMENTS_SUFFIX).entitlements"; PRODUCT_BUNDLE_IDENTIFIER = "com.mulabs.bytekibble.ios$(QA_BUNDLE_SUFFIX)"; PRODUCT_NAME = ByteKibble; INFOPLIST_FILE = ByteKibble/Info.plist; TARGETED_DEVICE_FAMILY = "1,2"; ASSETCATALOG_COMPILER_APPICON_NAME = ByteKibble; CODE_SIGN_STYLE = Automatic; SWIFT_OPTIMIZATION_LEVEL = "-Onone"; SWIFT_ACTIVE_COMPILATION_CONDITIONS = "DEBUG"; GENERATE_INFOPLIST_FILE = NO; SUPPORTED_PLATFORMS = "iphoneos iphonesimulator"; }; };
00000000000000000000000F = {isa = XCBuildConfiguration; name = Release; buildSettings = {CODE_SIGN_ENTITLEMENTS = "ByteKibble/ByteKibble$(QA_ENTITLEMENTS_SUFFIX).entitlements"; PRODUCT_BUNDLE_IDENTIFIER = "com.mulabs.bytekibble.ios$(QA_BUNDLE_SUFFIX)"; PRODUCT_NAME = ByteKibble; INFOPLIST_FILE = ByteKibble/Info.plist; TARGETED_DEVICE_FAMILY = "1,2"; ASSETCATALOG_COMPILER_APPICON_NAME = ByteKibble; CODE_SIGN_STYLE = Automatic; SWIFT_OPTIMIZATION_LEVEL = "-O"; SWIFT_ACTIVE_COMPILATION_CONDITIONS = ""; GENERATE_INFOPLIST_FILE = NO; SUPPORTED_PLATFORMS = "iphoneos iphonesimulator"; }; };
000000000000000000000300 = {isa = PBXNativeTarget; name = ByteKibbleUITests; productName = ByteKibbleUITests; productReference = 000000000000000000000301; productType = "com.apple.product-type.bundle.ui-testing"; buildConfigurationList = 000000000000000000000305; buildPhases = (000000000000000000000304); buildRules = (); dependencies = (000000000000000000000501); };
000000000000000000000301 = {isa = PBXFileReference; path = ByteKibbleUITests.xctest; explicitFileType = wrapper.cfbundle; sourceTree = BUILT_PRODUCTS_DIR; };
000000000000000000000302 = {isa = PBXFileReference; path = ByteKibbleUITests/ByteKibbleUITests.swift; sourceTree = SOURCE_ROOT; lastKnownFileType = sourcecode.swift; };
000000000000000000000303 = {isa = PBXBuildFile; fileRef = 000000000000000000000302; };
000000000000000000000304 = {isa = PBXSourcesBuildPhase; buildActionMask = 2147483647; files = (000000000000000000000303); runOnlyForDeploymentPostprocessing = 0; };
000000000000000000000305 = {isa = XCConfigurationList; buildConfigurations = (000000000000000000000306,000000000000000000000307); defaultConfigurationIsVisible = 0; defaultConfigurationName = Release; };
000000000000000000000306 = {isa = XCBuildConfiguration; name = Debug; buildSettings = {PRODUCT_BUNDLE_IDENTIFIER = com.mulabs.bytekibble.ios.uitests; PRODUCT_NAME = ByteKibbleUITests; GENERATE_INFOPLIST_FILE = YES; TEST_TARGET_NAME = ByteKibble; CODE_SIGN_STYLE = Automatic; TARGETED_DEVICE_FAMILY = "1,2"; SWIFT_OPTIMIZATION_LEVEL = "-Onone"; }; };
000000000000000000000307 = {isa = XCBuildConfiguration; name = Release; buildSettings = {PRODUCT_BUNDLE_IDENTIFIER = com.mulabs.bytekibble.ios.uitests; PRODUCT_NAME = ByteKibbleUITests; GENERATE_INFOPLIST_FILE = YES; TEST_TARGET_NAME = ByteKibble; CODE_SIGN_STYLE = Automatic; TARGETED_DEVICE_FAMILY = "1,2"; }; };
000000000000000000000400 = {isa = PBXNativeTarget; name = ByteKibbleTests; productName = ByteKibbleTests; productReference = 000000000000000000000401; productType = "com.apple.product-type.bundle.unit-test"; buildConfigurationList = 000000000000000000000405; buildPhases = (000000000000000000000404); buildRules = (); dependencies = (000000000000000000000501); };
000000000000000000000401 = {isa = PBXFileReference; path = ByteKibbleTests.xctest; explicitFileType = wrapper.cfbundle; sourceTree = BUILT_PRODUCTS_DIR; };
000000000000000000000402 = {isa = PBXFileReference; path = ByteKibbleTests/SecurityTests.swift; sourceTree = SOURCE_ROOT; lastKnownFileType = sourcecode.swift; };
000000000000000000000403 = {isa = PBXBuildFile; fileRef = 000000000000000000000402; };
000000000000000000000404 = {isa = PBXSourcesBuildPhase; buildActionMask = 2147483647; files = (000000000000000000000403); runOnlyForDeploymentPostprocessing = 0; };
000000000000000000000405 = {isa = XCConfigurationList; buildConfigurations = (000000000000000000000406,000000000000000000000407); defaultConfigurationIsVisible = 0; defaultConfigurationName = Release; };
000000000000000000000406 = {isa = XCBuildConfiguration; name = Debug; buildSettings = {PRODUCT_BUNDLE_IDENTIFIER = com.mulabs.bytekibble.ios.tests; PRODUCT_NAME = ByteKibbleTests; GENERATE_INFOPLIST_FILE = YES; TEST_HOST = "$(BUILT_PRODUCTS_DIR)/ByteKibble.app/ByteKibble"; BUNDLE_LOADER = "$(TEST_HOST)"; CODE_SIGN_STYLE = Automatic; TARGETED_DEVICE_FAMILY = "1,2"; SWIFT_OPTIMIZATION_LEVEL = "-Onone"; }; };
000000000000000000000407 = {isa = XCBuildConfiguration; name = Release; buildSettings = {PRODUCT_BUNDLE_IDENTIFIER = com.mulabs.bytekibble.ios.tests; PRODUCT_NAME = ByteKibbleTests; GENERATE_INFOPLIST_FILE = YES; TEST_HOST = "$(BUILT_PRODUCTS_DIR)/ByteKibble.app/ByteKibble"; BUNDLE_LOADER = "$(TEST_HOST)"; CODE_SIGN_STYLE = Automatic; TARGETED_DEVICE_FAMILY = "1,2"; }; };
000000000000000000000500 = {isa = PBXContainerItemProxy; containerPortal = 000000000000000000000001; proxyType = 1; remoteGlobalIDString = 000000000000000000000004; remoteInfo = ByteKibble; };
000000000000000000000501 = {isa = PBXTargetDependency; target = 000000000000000000000004; targetProxy = 000000000000000000000500; };
000000000000000000000600 = {isa = PBXFileReference; path = ByteKibble/PrivacyInfo.xcprivacy; sourceTree = SOURCE_ROOT; lastKnownFileType = text.xml; };
000000000000000000000601 = {isa = PBXBuildFile; fileRef = 000000000000000000000600; };

000000000000000000000700 = {isa = PBXNativeTarget; name = ByteKibbleWidget; productName = ByteKibbleWidget; productReference = 000000000000000000000701; productType = "com.apple.product-type.app-extension"; buildConfigurationList = 000000000000000000000705; buildPhases = (000000000000000000000704,000000000000000000000806); buildRules = (); dependencies = (); };
000000000000000000000701 = {isa = PBXFileReference; path = ByteKibbleWidget.appex; explicitFileType = "wrapper.app-extension"; sourceTree = BUILT_PRODUCTS_DIR; };
000000000000000000000710 = {isa = PBXFileReference; path = Shared/WidgetSnapshot.swift; sourceTree = SOURCE_ROOT; lastKnownFileType = sourcecode.swift; };
000000000000000000000711 = {isa = PBXFileReference; path = ByteKibble/WidgetSharing.swift; sourceTree = SOURCE_ROOT; lastKnownFileType = sourcecode.swift; };
000000000000000000000712 = {isa = PBXFileReference; path = ByteKibbleWidget/ByteKibbleWidget.swift; sourceTree = SOURCE_ROOT; lastKnownFileType = sourcecode.swift; };
000000000000000000000713 = {isa = PBXBuildFile; fileRef = 000000000000000000000710; };
000000000000000000000714 = {isa = PBXBuildFile; fileRef = 000000000000000000000711; };
000000000000000000000715 = {isa = PBXBuildFile; fileRef = 000000000000000000000710; };
000000000000000000000716 = {isa = PBXBuildFile; fileRef = 000000000000000000000712; };
000000000000000000000704 = {isa = PBXSourcesBuildPhase; buildActionMask = 2147483647; files = (000000000000000000000715,000000000000000000000716); runOnlyForDeploymentPostprocessing = 0; };
000000000000000000000705 = {isa = XCConfigurationList; buildConfigurations = (000000000000000000000706,000000000000000000000707); defaultConfigurationIsVisible = 0; defaultConfigurationName = Release; };
000000000000000000000706 = {isa = XCBuildConfiguration; name = Debug; buildSettings = {PRODUCT_BUNDLE_IDENTIFIER = "com.mulabs.bytekibble.ios$(QA_BUNDLE_SUFFIX).widget"; PRODUCT_NAME = ByteKibbleWidget; INFOPLIST_FILE = ByteKibbleWidget/Info.plist; CODE_SIGN_ENTITLEMENTS = "Shared/Widget$(QA_ENTITLEMENTS_SUFFIX).entitlements"; CODE_SIGN_STYLE = Automatic; TARGETED_DEVICE_FAMILY = "1,2"; SKIP_INSTALL = YES; APPLICATION_EXTENSION_API_ONLY = YES; SWIFT_OPTIMIZATION_LEVEL = "-Onone"; }; };
000000000000000000000707 = {isa = XCBuildConfiguration; name = Release; buildSettings = {PRODUCT_BUNDLE_IDENTIFIER = "com.mulabs.bytekibble.ios$(QA_BUNDLE_SUFFIX).widget"; PRODUCT_NAME = ByteKibbleWidget; INFOPLIST_FILE = ByteKibbleWidget/Info.plist; CODE_SIGN_ENTITLEMENTS = "Shared/Widget$(QA_ENTITLEMENTS_SUFFIX).entitlements"; CODE_SIGN_STYLE = Automatic; TARGETED_DEVICE_FAMILY = "1,2"; SKIP_INSTALL = YES; APPLICATION_EXTENSION_API_ONLY = YES; }; };
000000000000000000000720 = {isa = PBXCopyFilesBuildPhase; buildActionMask = 2147483647; dstPath = ""; dstSubfolderSpec = 13; files = (000000000000000000000723,000000000000000000000913); name = "Embed App Extensions"; runOnlyForDeploymentPostprocessing = 0; };
000000000000000000000721 = {isa = PBXContainerItemProxy; containerPortal = 000000000000000000000001; proxyType = 1; remoteGlobalIDString = 000000000000000000000700; remoteInfo = ByteKibbleWidget; };
000000000000000000000722 = {isa = PBXTargetDependency; target = 000000000000000000000700; targetProxy = 000000000000000000000721; };
000000000000000000000723 = {isa = PBXBuildFile; fileRef = 000000000000000000000701; settings = {ATTRIBUTES = (RemoveHeadersOnCopy); }; };
000000000000000000000900 = {isa = PBXNativeTarget; name = ByteKibbleShare; productName = ByteKibbleShare; productReference = 000000000000000000000901; productType = "com.apple.product-type.app-extension"; buildConfigurationList = 000000000000000000000905; buildPhases = (000000000000000000000904,000000000000000000000920); buildRules = (); dependencies = (); };
000000000000000000000901 = {isa = PBXFileReference; path = ByteKibbleShare.appex; explicitFileType = "wrapper.app-extension"; sourceTree = BUILT_PRODUCTS_DIR; };
000000000000000000000902 = {isa = PBXFileReference; path = ByteKibbleShare/ShareViewController.swift; sourceTree = SOURCE_ROOT; lastKnownFileType = sourcecode.swift; };
000000000000000000000903 = {isa = PBXBuildFile; fileRef = 000000000000000000000902; };
000000000000000000000904 = {isa = PBXSourcesBuildPhase; buildActionMask = 2147483647; files = (000000000000000000000903,000000000000000000000915,000000000000000000000916); runOnlyForDeploymentPostprocessing = 0; };
000000000000000000000905 = {isa = XCConfigurationList; buildConfigurations = (000000000000000000000906,000000000000000000000907); defaultConfigurationIsVisible = 0; defaultConfigurationName = Release; };
000000000000000000000906 = {isa = XCBuildConfiguration; name = Debug; buildSettings = {PRODUCT_BUNDLE_IDENTIFIER = "com.mulabs.bytekibble.ios$(QA_BUNDLE_SUFFIX).share"; PRODUCT_NAME = ByteKibbleShare; INFOPLIST_FILE = ByteKibbleShare/Info.plist; CODE_SIGN_ENTITLEMENTS = "ByteKibbleShare/Share$(QA_ENTITLEMENTS_SUFFIX).entitlements"; CODE_SIGN_STYLE = Automatic; TARGETED_DEVICE_FAMILY = "1,2"; SKIP_INSTALL = YES; APPLICATION_EXTENSION_API_ONLY = YES; }; };
000000000000000000000907 = {isa = XCBuildConfiguration; name = Release; buildSettings = {PRODUCT_BUNDLE_IDENTIFIER = "com.mulabs.bytekibble.ios$(QA_BUNDLE_SUFFIX).share"; PRODUCT_NAME = ByteKibbleShare; INFOPLIST_FILE = ByteKibbleShare/Info.plist; CODE_SIGN_ENTITLEMENTS = "ByteKibbleShare/Share$(QA_ENTITLEMENTS_SUFFIX).entitlements"; CODE_SIGN_STYLE = Automatic; TARGETED_DEVICE_FAMILY = "1,2"; SKIP_INSTALL = YES; APPLICATION_EXTENSION_API_ONLY = YES; }; };
000000000000000000000911 = {isa = PBXContainerItemProxy; containerPortal = 000000000000000000000001; proxyType = 1; remoteGlobalIDString = 000000000000000000000900; remoteInfo = ByteKibbleShare; };
000000000000000000000912 = {isa = PBXTargetDependency; target = 000000000000000000000900; targetProxy = 000000000000000000000911; };
000000000000000000000913 = {isa = PBXBuildFile; fileRef = 000000000000000000000901; settings = {ATTRIBUTES = (RemoveHeadersOnCopy); }; };
000000000000000000000910 = {isa = PBXFileReference; path = Shared/PendingSharedLink.swift; sourceTree = SOURCE_ROOT; lastKnownFileType = sourcecode.swift; };
000000000000000000000914 = {isa = PBXBuildFile; fileRef = 000000000000000000000910; };
000000000000000000000915 = {isa = PBXBuildFile; fileRef = 000000000000000000000910; };
000000000000000000000916 = {isa = PBXBuildFile; fileRef = 000000000000000000000068; };
000000000000000000000917 = {isa = PBXFileReference; path = ByteKibbleShare/en.lproj; sourceTree = SOURCE_ROOT; lastKnownFileType = folder; };
000000000000000000000918 = {isa = PBXBuildFile; fileRef = 000000000000000000000917; };
000000000000000000000920 = {isa = PBXResourcesBuildPhase; buildActionMask = 2147483647; files = (000000000000000000000918); runOnlyForDeploymentPostprocessing = 0; };
}; rootObject = 000000000000000000000001; }
